
Microsoft Visual Studio Solution File, Format Version 12.00
# Visual Studio Version 17
VisualStudioVersion = 17.3.32929.385
MinimumVisualStudioVersion = 10.0.40219.1
Project("{FAE04EC0-301F-11D3-BF4B-00C04F79EFBC}") = "Test-2-ShravanKumar-Project-3", "Test-2-ShravanKumar-Project-3\Test-2-ShravanKumar-Project-3.csproj", "{114207E5-7DDD-490E-A777-4CA74E46B0AB}"
EndProject
Global
	GlobalSection(SolutionConfigurationPlatforms) = preSolution
		Debug|Any CPU = Debug|Any CPU
		Release|Any CPU = Release|Any CPU
	EndGlobalSection
	GlobalSection(ProjectConfigurationPlatforms) = postSolution
		{114207E5-7DDD-490E-A777-4CA74E46B0AB}.Debug|Any CPU.ActiveCfg = Debug|Any CPU
		{114207E5-7DDD-490E-A777-4CA74E46B0AB}.Debug|Any CPU.Build.0 = Debug|Any CPU
		{114207E5-7DDD-490E-A777-4CA74E46B0AB}.Release|Any CPU.ActiveCfg = Release|Any CPU
		{114207E5-7DDD-490E-A777-4CA74E46B0AB}.Release|Any CPU.Build.0 = Release|Any CPU
	EndGlobalSection
	GlobalSection(SolutionProperties) = preSolution
		HideSolutionNode = FALSE
	EndGlobalSection
	GlobalSection(ExtensibilityGlobals) = postSolution
		SolutionGuid = {DF1829E0-3218-48CC-8B51-A6E259769865}
	EndGlobalSection
EndGlobal
